// !$*UTF8*$!
{
	archiveVersion = 1;
	classes = {
	};
	objectVersion = 50;
	objects = {

/* Begin PBXBuildFile section */
		B2ERR01124BBD8A60018FDC3 /* WIMBError+UserMessage.swift in Sources */ = {isa = PBXBuildFile; fileRef = B2ERR01024BBD8A60018FDC3 /* WIMBError+UserMessage.swift */; };
		B2ERR01224BBD8A60018FDC3 /* WIMBError+UserMessage.swift in Sources */ = {isa = PBXBuildFile; fileRef = B2ERR01024BBD8A60018FDC3 /* WIMBError+UserMessage.swift */; };
		4EC4EF7A24BD2964007D94D0 /* UIApplication+Extensions.swift in Sources */ = {isa = PBXBuildFile; fileRef = 4EC4EF7924BD2964007D94D0 /* UIApplication+Extensions.swift */; };
		4EC4EF7B24BD2964007D94D0 /* UIApplication+Extensions.swift in Sources */ = {isa = PBXBuildFile; fileRef = 4EC4EF7924BD2964007D94D0 /* UIApplication+Extensions.swift */; };
		4EC4EF9024BD484E007D94D0 /* TripViewCell.swift in Sources */ = {isa = PBXBuildFile; fileRef = 4EC4EF8F24BD484E007D94D0 /* TripViewCell.swift */; };
		4EC4EF9124BD484E007D94D0 /* TripViewCell.swift in Sources */ = {isa = PBXBuildFile; fileRef = 4EC4EF8F24BD484E007D94D0 /* TripViewCell.swift */; };
		4EFDF8B324BBD8A60018FDC3 /* WhereIsMyBusApp.swift in Sources */ = {isa = PBXBuildFile; fileRef = 4EFDF8A024BBD8A40018FDC3 /* WhereIsMyBusApp.swift */; };
		4EFDF8B424BBD8A60018FDC3 /* WhereIsMyBusApp.swift in Sources */ = {isa = PBXBuildFile; fileRef = 4EFDF8A024BBD8A40018FDC3 /* WhereIsMyBusApp.swift */; };
		4EFDF8B724BBD8A60018FDC3 /* Assets.xcassets in Resources */ = {isa = PBXBuildFile; fileRef = 4EFDF8A224BBD8A60018FDC3 /* Assets.xcassets */; };
		4EFDF8B824BBD8A60018FDC3 /* Assets.xcassets in Resources */ = {isa = PBXBuildFile; fileRef = 4EFDF8A224BBD8A60018FDC3 /* Assets.xcassets */; };
		A1B2C3D124BBD8A60018FDC3 /* WIMBAppEnvironment.swift in Sources */ = {isa = PBXBuildFile; fileRef = A1B2C3D024BBD8A60018FDC3 /* WIMBAppEnvironment.swift */; };
		A1B2C3D224BBD8A60018FDC3 /* WIMBAppEnvironment.swift in Sources */ = {isa = PBXBuildFile; fileRef = A1B2C3D024BBD8A60018FDC3 /* WIMBAppEnvironment.swift */; };
		B2PH401124BBD8A60018FDC3 /* MetroAlternativesSection.swift in Sources */ = {isa = PBXBuildFile; fileRef = B2PH401024BBD8A60018FDC3 /* MetroAlternativesSection.swift */; };
		B2PH401224BBD8A60018FDC3 /* MetroAlternativesSection.swift in Sources */ = {isa = PBXBuildFile; fileRef = B2PH401024BBD8A60018FDC3 /* MetroAlternativesSection.swift */; };
		B2L10N01124BBD8A60018FDC3 /* Localizable.strings in Resources */ = {isa = PBXBuildFile; fileRef = B2L10N00124BBD8A60018FDC3 /* Localizable.strings */; };
		B2L10N01224BBD8A60018FDC3 /* Localizable.strings in Resources */ = {isa = PBXBuildFile; fileRef = B2L10N00124BBD8A60018FDC3 /* Localizable.strings */; };
		B2L10N02124BBD8A60018FDC3 /* WIMBL10n.swift in Sources */ = {isa = PBXBuildFile; fileRef = B2L10N00424BBD8A60018FDC3 /* WIMBL10n.swift */; };
		B2L10N02224BBD8A60018FDC3 /* WIMBL10n.swift in Sources */ = {isa = PBXBuildFile; fileRef = B2L10N00424BBD8A60018FDC3 /* WIMBL10n.swift */; };
		B2SH001124BBD8A60018FDC3 /* ShellDisplayStrings+Localized.swift in Sources */ = {isa = PBXBuildFile; fileRef = B2SH001324BBD8A60018FDC3 /* ShellDisplayStrings+Localized.swift */; };
		B2SH001224BBD8A60018FDC3 /* ShellDisplayStrings+Localized.swift in Sources */ = {isa = PBXBuildFile; fileRef = B2SH001324BBD8A60018FDC3 /* ShellDisplayStrings+Localized.swift */; };
		B2MAP01124BBD8A60018FDC3 /* MapDisplayStrings+Localized.swift in Sources */ = {isa = PBXBuildFile; fileRef = B2MAP01324BBD8A60018FDC3 /* MapDisplayStrings+Localized.swift */; };
		B2MAP01224BBD8A60018FDC3 /* MapDisplayStrings+Localized.swift in Sources */ = {isa = PBXBuildFile; fileRef = B2MAP01324BBD8A60018FDC3 /* MapDisplayStrings+Localized.swift */; };
		B2LN01224BBD8A60018FDC3 /* LinesRecentStore.swift in Sources */ = {isa = PBXBuildFile; fileRef = B2LN01124BBD8A60018FDC3 /* LinesRecentStore.swift */; };
		B2LN01324BBD8A60018FDC3 /* LinesRecentStore.swift in Sources */ = {isa = PBXBuildFile; fileRef = B2LN01124BBD8A60018FDC3 /* LinesRecentStore.swift */; };
		B2LN02224BBD8A60018FDC3 /* LinesTabRootView.swift in Sources */ = {isa = PBXBuildFile; fileRef = B2LN02124BBD8A60018FDC3 /* LinesTabRootView.swift */; };
		B2LN02324BBD8A60018FDC3 /* LinesTabRootView.swift in Sources */ = {isa = PBXBuildFile; fileRef = B2LN02124BBD8A60018FDC3 /* LinesTabRootView.swift */; };
		B2LN03224BBD8A60018FDC3 /* LinesHomeView.swift in Sources */ = {isa = PBXBuildFile; fileRef = B2LN03124BBD8A60018FDC3 /* LinesHomeView.swift */; };
		B2LN03324BBD8A60018FDC3 /* LinesHomeView.swift in Sources */ = {isa = PBXBuildFile; fileRef = B2LN03124BBD8A60018FDC3 /* LinesHomeView.swift */; };
		B2LN04224BBD8A60018FDC3 /* LineRouteView.swift in Sources */ = {isa = PBXBuildFile; fileRef = B2LN04124BBD8A60018FDC3 /* LineRouteView.swift */; };
		B2LN04324BBD8A60018FDC3 /* LineRouteView.swift in Sources */ = {isa = PBXBuildFile; fileRef = B2LN04124BBD8A60018FDC3 /* LineRouteView.swift */; };
		B2LN05224BBD8A60018FDC3 /* LineTimelineView.swift in Sources */ = {isa = PBXBuildFile; fileRef = B2LN05124BBD8A60018FDC3 /* LineTimelineView.swift */; };
		B2LN05324BBD8A60018FDC3 /* LineTimelineView.swift in Sources */ = {isa = PBXBuildFile; fileRef = B2LN05124BBD8A60018FDC3 /* LineTimelineView.swift */; };
		B2LN06224BBD8A60018FDC3 /* LiveLineTrackingView.swift in Sources */ = {isa = PBXBuildFile; fileRef = B2LN06124BBD8A60018FDC3 /* LiveLineTrackingView.swift */; };
		B2LN06324BBD8A60018FDC3 /* LiveLineTrackingView.swift in Sources */ = {isa = PBXBuildFile; fileRef = B2LN06124BBD8A60018FDC3 /* LiveLineTrackingView.swift */; };
		B2LN07224BBD8A60018FDC3 /* LiveTrackingMetrics.swift in Sources */ = {isa = PBXBuildFile; fileRef = B2LN07124BBD8A60018FDC3 /* LiveTrackingMetrics.swift */; };
		B2LN07324BBD8A60018FDC3 /* LiveTrackingMetrics.swift in Sources */ = {isa = PBXBuildFile; fileRef = B2LN07124BBD8A60018FDC3 /* LiveTrackingMetrics.swift */; };
		B2ST01124BBD8A60018FDC3 /* StationsTabRootView.swift in Sources */ = {isa = PBXBuildFile; fileRef = B2ST010124BBD8A60018FDC3 /* StationsTabRootView.swift */; };
		B2ST01224BBD8A60018FDC3 /* StationsTabRootView.swift in Sources */ = {isa = PBXBuildFile; fileRef = B2ST010124BBD8A60018FDC3 /* StationsTabRootView.swift */; };
		B2ST02124BBD8A60018FDC3 /* StationsHomeView.swift in Sources */ = {isa = PBXBuildFile; fileRef = B2ST020124BBD8A60018FDC3 /* StationsHomeView.swift */; };
		B2ST02224BBD8A60018FDC3 /* StationsHomeView.swift in Sources */ = {isa = PBXBuildFile; fileRef = B2ST020124BBD8A60018FDC3 /* StationsHomeView.swift */; };
		B2ST03124BBD8A60018FDC3 /* StopArrivalsView.swift in Sources */ = {isa = PBXBuildFile; fileRef = B2ST030124BBD8A60018FDC3 /* StopArrivalsView.swift */; };
		B2ST03224BBD8A60018FDC3 /* StopArrivalsView.swift in Sources */ = {isa = PBXBuildFile; fileRef = B2ST030124BBD8A60018FDC3 /* StopArrivalsView.swift */; };
		B2ST04124BBD8A60018FDC3 /* StopLineArrivalRow.swift in Sources */ = {isa = PBXBuildFile; fileRef = B2ST040124BBD8A60018FDC3 /* StopLineArrivalRow.swift */; };
		B2ST04224BBD8A60018FDC3 /* StopLineArrivalRow.swift in Sources */ = {isa = PBXBuildFile; fileRef = B2ST040124BBD8A60018FDC3 /* StopLineArrivalRow.swift */; };
		B2DR01124BBD8A60018FDC3 /* DirectionsTabRootView.swift in Sources */ = {isa = PBXBuildFile; fileRef = B2DR010124BBD8A60018FDC3 /* DirectionsTabRootView.swift */; };
		B2DR01224BBD8A60018FDC3 /* DirectionsTabRootView.swift in Sources */ = {isa = PBXBuildFile; fileRef = B2DR010124BBD8A60018FDC3 /* DirectionsTabRootView.swift */; };
		B2DR02124BBD8A60018FDC3 /* DirectionsHomeView.swift in Sources */ = {isa = PBXBuildFile; fileRef = B2DR020124BBD8A60018FDC3 /* DirectionsHomeView.swift */; };
		B2DR02224BBD8A60018FDC3 /* DirectionsHomeView.swift in Sources */ = {isa = PBXBuildFile; fileRef = B2DR020124BBD8A60018FDC3 /* DirectionsHomeView.swift */; };
		B2DR03124BBD8A60018FDC3 /* RecentTripsStore.swift in Sources */ = {isa = PBXBuildFile; fileRef = B2DR030124BBD8A60018FDC3 /* RecentTripsStore.swift */; };
		B2DR03224BBD8A60018FDC3 /* RecentTripsStore.swift in Sources */ = {isa = PBXBuildFile; fileRef = B2DR030124BBD8A60018FDC3 /* RecentTripsStore.swift */; };
		B2DR04124BBD8A60018FDC3 /* TripFavoritesStore.swift in Sources */ = {isa = PBXBuildFile; fileRef = B2DR040124BBD8A60018FDC3 /* TripFavoritesStore.swift */; };
		B2DR04224BBD8A60018FDC3 /* TripFavoritesStore.swift in Sources */ = {isa = PBXBuildFile; fileRef = B2DR040124BBD8A60018FDC3 /* TripFavoritesStore.swift */; };
		B2DR05124BBD8A60018FDC3 /* TripPlannerView.swift in Sources */ = {isa = PBXBuildFile; fileRef = B2DR050124BBD8A60018FDC3 /* TripPlannerView.swift */; };
		B2DR05224BBD8A60018FDC3 /* TripPlannerView.swift in Sources */ = {isa = PBXBuildFile; fileRef = B2DR050124BBD8A60018FDC3 /* TripPlannerView.swift */; };
		B2DR06124BBD8A60018FDC3 /* SuggestedRoutesView.swift in Sources */ = {isa = PBXBuildFile; fileRef = B2DR060124BBD8A60018FDC3 /* SuggestedRoutesView.swift */; };
		B2DR06224BBD8A60018FDC3 /* SuggestedRoutesView.swift in Sources */ = {isa = PBXBuildFile; fileRef = B2DR060124BBD8A60018FDC3 /* SuggestedRoutesView.swift */; };
		B2DR07124BBD8A60018FDC3 /* RouteDirectionsView.swift in Sources */ = {isa = PBXBuildFile; fileRef = B2DR070124BBD8A60018FDC3 /* RouteDirectionsView.swift */; };
		B2DR07224BBD8A60018FDC3 /* RouteDirectionsView.swift in Sources */ = {isa = PBXBuildFile; fileRef = B2DR070124BBD8A60018FDC3 /* RouteDirectionsView.swift */; };
/* End PBXBuildFile section */

/* Begin PBXFileReference section */
		B2ERR01024BBD8A60018FDC3 /* WIMBError+UserMessage.swift */ = {isa = PBXFileReference; lastKnownFileType = sourcecode.swift; path = "WIMBError+UserMessage.swift"; sourceTree = "<group>"; };
		4EC4EF7924BD2964007D94D0 /* UIApplication+Extensions.swift */ = {isa = PBXFileReference; lastKnownFileType = sourcecode.swift; path = "UIApplication+Extensions.swift"; sourceTree = "<group>"; };
		4EC4EF8F24BD484E007D94D0 /* TripViewCell.swift */ = {isa = PBXFileReference; lastKnownFileType = sourcecode.swift; path = TripViewCell.swift; sourceTree = "<group>"; };
		4EFDF8A024BBD8A40018FDC3 /* WhereIsMyBusApp.swift */ = {isa = PBXFileReference; lastKnownFileType = sourcecode.swift; path = WhereIsMyBusApp.swift; sourceTree = "<group>"; };
		4EFDF8A224BBD8A60018FDC3 /* Assets.xcassets */ = {isa = PBXFileReference; lastKnownFileType = folder.assetcatalog; path = Assets.xcassets; sourceTree = "<group>"; };
		4EFDF8A724BBD8A60018FDC3 /* WhereIsMyBus.app */ = {isa = PBXFileReference; explicitFileType = wrapper.application; includeInIndex = 0; path = WhereIsMyBus.app; sourceTree = BUILT_PRODUCTS_DIR; };
		4EFDF8AA24BBD8A60018FDC3 /* Info.plist */ = {isa = PBXFileReference; lastKnownFileType = text.plist.xml; path = Info.plist; sourceTree = "<group>"; };
		4EFDF8AF24BBD8A60018FDC3 /* WhereIsMyBus.app */ = {isa = PBXFileReference; explicitFileType = wrapper.application; includeInIndex = 0; path = WhereIsMyBus.app; sourceTree = BUILT_PRODUCTS_DIR; };
		4EFDF8B124BBD8A60018FDC3 /* Info.plist */ = {isa = PBXFileReference; lastKnownFileType = text.plist.xml; path = Info.plist; sourceTree = "<group>"; };
		4EFDF8B224BBD8A60018FDC3 /* macOS.entitlements */ = {isa = PBXFileReference; lastKnownFileType = text.plist.entitlements; path = macOS.entitlements; sourceTree = "<group>"; };
		A1B2C3D024BBD8A60018FDC3 /* WIMBAppEnvironment.swift */ = {isa = PBXFileReference; lastKnownFileType = sourcecode.swift; path = WIMBAppEnvironment.swift; sourceTree = "<group>"; };
		B2PH401024BBD8A60018FDC3 /* MetroAlternativesSection.swift */ = {isa = PBXFileReference; lastKnownFileType = sourcecode.swift; path = MetroAlternativesSection.swift; sourceTree = "<group>"; };
		B2L10N00224BBD8A60018FDC3 /* en */ = {isa = PBXFileReference; lastKnownFileType = text.plist.strings; name = en; path = en.lproj/Localizable.strings; sourceTree = "<group>"; };
		B2L10N00324BBD8A60018FDC3 /* pt-BR */ = {isa = PBXFileReference; lastKnownFileType = text.plist.strings; name = "pt-BR"; path = "pt-BR.lproj/Localizable.strings"; sourceTree = "<group>"; };
		B2L10N00424BBD8A60018FDC3 /* WIMBL10n.swift */ = {isa = PBXFileReference; lastKnownFileType = sourcecode.swift; path = WIMBL10n.swift; sourceTree = "<group>"; };
		B2SH001324BBD8A60018FDC3 /* ShellDisplayStrings+Localized.swift */ = {isa = PBXFileReference; lastKnownFileType = sourcecode.swift; path = "ShellDisplayStrings+Localized.swift"; sourceTree = "<group>"; };
		B2MAP01324BBD8A60018FDC3 /* MapDisplayStrings+Localized.swift */ = {isa = PBXFileReference; lastKnownFileType = sourcecode.swift; path = "MapDisplayStrings+Localized.swift"; sourceTree = "<group>"; };
		B2LN01124BBD8A60018FDC3 /* LinesRecentStore.swift */ = {isa = PBXFileReference; lastKnownFileType = sourcecode.swift; path = LinesRecentStore.swift; sourceTree = "<group>"; };
		B2LN02124BBD8A60018FDC3 /* LinesTabRootView.swift */ = {isa = PBXFileReference; lastKnownFileType = sourcecode.swift; path = LinesTabRootView.swift; sourceTree = "<group>"; };
		B2LN03124BBD8A60018FDC3 /* LinesHomeView.swift */ = {isa = PBXFileReference; lastKnownFileType = sourcecode.swift; path = LinesHomeView.swift; sourceTree = "<group>"; };
		B2LN04124BBD8A60018FDC3 /* LineRouteView.swift */ = {isa = PBXFileReference; lastKnownFileType = sourcecode.swift; path = LineRouteView.swift; sourceTree = "<group>"; };
		B2LN05124BBD8A60018FDC3 /* LineTimelineView.swift */ = {isa = PBXFileReference; lastKnownFileType = sourcecode.swift; path = LineTimelineView.swift; sourceTree = "<group>"; };
		B2LN06124BBD8A60018FDC3 /* LiveLineTrackingView.swift */ = {isa = PBXFileReference; lastKnownFileType = sourcecode.swift; path = LiveLineTrackingView.swift; sourceTree = "<group>"; };
		B2LN07124BBD8A60018FDC3 /* LiveTrackingMetrics.swift */ = {isa = PBXFileReference; lastKnownFileType = sourcecode.swift; path = LiveTrackingMetrics.swift; sourceTree = "<group>"; };
		B2ST010124BBD8A60018FDC3 /* StationsTabRootView.swift */ = {isa = PBXFileReference; lastKnownFileType = sourcecode.swift; path = StationsTabRootView.swift; sourceTree = "<group>"; };
		B2ST020124BBD8A60018FDC3 /* StationsHomeView.swift */ = {isa = PBXFileReference; lastKnownFileType = sourcecode.swift; path = StationsHomeView.swift; sourceTree = "<group>"; };
		B2ST030124BBD8A60018FDC3 /* StopArrivalsView.swift */ = {isa = PBXFileReference; lastKnownFileType = sourcecode.swift; path = StopArrivalsView.swift; sourceTree = "<group>"; };
		B2ST040124BBD8A60018FDC3 /* StopLineArrivalRow.swift */ = {isa = PBXFileReference; lastKnownFileType = sourcecode.swift; path = StopLineArrivalRow.swift; sourceTree = "<group>"; };
		B2DR010124BBD8A60018FDC3 /* DirectionsTabRootView.swift */ = {isa = PBXFileReference; lastKnownFileType = sourcecode.swift; path = DirectionsTabRootView.swift; sourceTree = "<group>"; };
		B2DR020124BBD8A60018FDC3 /* DirectionsHomeView.swift */ = {isa = PBXFileReference; lastKnownFileType = sourcecode.swift; path = DirectionsHomeView.swift; sourceTree = "<group>"; };
		B2DR030124BBD8A60018FDC3 /* RecentTripsStore.swift */ = {isa = PBXFileReference; lastKnownFileType = sourcecode.swift; path = RecentTripsStore.swift; sourceTree = "<group>"; };
		B2DR040124BBD8A60018FDC3 /* TripFavoritesStore.swift */ = {isa = PBXFileReference; lastKnownFileType = sourcecode.swift; path = TripFavoritesStore.swift; sourceTree = "<group>"; };
		B2DR050124BBD8A60018FDC3 /* TripPlannerView.swift */ = {isa = PBXFileReference; lastKnownFileType = sourcecode.swift; path = TripPlannerView.swift; sourceTree = "<group>"; };
		B2DR060124BBD8A60018FDC3 /* SuggestedRoutesView.swift */ = {isa = PBXFileReference; lastKnownFileType = sourcecode.swift; path = SuggestedRoutesView.swift; sourceTree = "<group>"; };
		B2DR070124BBD8A60018FDC3 /* RouteDirectionsView.swift */ = {isa = PBXFileReference; lastKnownFileType = sourcecode.swift; path = RouteDirectionsView.swift; sourceTree = "<group>"; };
		B2PKG0124BBD8A60018FDC3 /* Packages */ = {isa = PBXFileReference; lastKnownFileType = wrapper; name = Packages; path = Packages; sourceTree = "<group>"; };
/* End PBXFileReference section */

/* Begin PBXFrameworksBuildPhase section */
		4EFDF8A424BBD8A60018FDC3 /* Frameworks */ = {
			isa = PBXFrameworksBuildPhase;
			buildActionMask = 2147483647;
			files = (
			);
			runOnlyForDeploymentPostprocessing = 0;
		};
		4EFDF8AC24BBD8A60018FDC3 /* Frameworks */ = {
			isa = PBXFrameworksBuildPhase;
			buildActionMask = 2147483647;
			files = (
			);
			runOnlyForDeploymentPostprocessing = 0;
		};
/* End PBXFrameworksBuildPhase section */

/* Begin PBXGroup section */
		4EC4EF7824BD2947007D94D0 /* Extensions */ = {
			isa = PBXGroup;
			children = (
				4EC4EF7924BD2964007D94D0 /* UIApplication+Extensions.swift */,
				B2ERR01024BBD8A60018FDC3 /* WIMBError+UserMessage.swift */,
			);
			path = Extensions;
			sourceTree = "<group>";
		};
		4EC4EF9224BD5221007D94D0 /* Features */ = {
			isa = PBXGroup;
			children = (
				B2DR009024BBD8A60018FDC3 /* Directions */,
				B2ST009024BBD8A60018FDC3 /* Stations */,
				B2LN010024BBD8A60018FDC3 /* Lines */,
			);
			path = Features;
			sourceTree = "<group>";
		};
		B2DR009024BBD8A60018FDC3 /* Directions */ = {
			isa = PBXGroup;
			children = (
				B2DR010124BBD8A60018FDC3 /* DirectionsTabRootView.swift */,
				B2DR020124BBD8A60018FDC3 /* DirectionsHomeView.swift */,
				B2DR030124BBD8A60018FDC3 /* RecentTripsStore.swift */,
				B2DR040124BBD8A60018FDC3 /* TripFavoritesStore.swift */,
				B2DR050124BBD8A60018FDC3 /* TripPlannerView.swift */,
				B2DR060124BBD8A60018FDC3 /* SuggestedRoutesView.swift */,
				B2DR070124BBD8A60018FDC3 /* RouteDirectionsView.swift */,
				B2PH401024BBD8A60018FDC3 /* MetroAlternativesSection.swift */,
			);
			path = Directions;
			sourceTree = "<group>";
		};
		B2ST009024BBD8A60018FDC3 /* Stations */ = {
			isa = PBXGroup;
			children = (
				B2ST010124BBD8A60018FDC3 /* StationsTabRootView.swift */,
				B2ST020124BBD8A60018FDC3 /* StationsHomeView.swift */,
				B2ST030124BBD8A60018FDC3 /* StopArrivalsView.swift */,
				B2ST040124BBD8A60018FDC3 /* StopLineArrivalRow.swift */,
			);
			path = Stations;
			sourceTree = "<group>";
		};
		B2LN010024BBD8A60018FDC3 /* Lines */ = {
			isa = PBXGroup;
			children = (
				B2LN01124BBD8A60018FDC3 /* LinesRecentStore.swift */,
				B2LN02124BBD8A60018FDC3 /* LinesTabRootView.swift */,
				B2LN03124BBD8A60018FDC3 /* LinesHomeView.swift */,
				B2LN04124BBD8A60018FDC3 /* LineRouteView.swift */,
				B2LN05124BBD8A60018FDC3 /* LineTimelineView.swift */,
				B2LN06124BBD8A60018FDC3 /* LiveLineTrackingView.swift */,
				B2LN07124BBD8A60018FDC3 /* LiveTrackingMetrics.swift */,
				4EC4EF8F24BD484E007D94D0 /* TripViewCell.swift */,
			);
			path = Lines;
			sourceTree = "<group>";
		};
		4EFDF89A24BBD8A40018FDC3 = {
			isa = PBXGroup;
			children = (
				B2PKG0124BBD8A60018FDC3 /* Packages */,
				4EFDF89F24BBD8A40018FDC3 /* Shared */,
				4EFDF8A924BBD8A60018FDC3 /* iOS */,
				4EFDF8B024BBD8A60018FDC3 /* macOS */,
				4EFDF8A824BBD8A60018FDC3 /* Products */,
			);
			sourceTree = "<group>";
		};
		4EFDF89F24BBD8A40018FDC3 /* Shared */ = {
			isa = PBXGroup;
			children = (
				A1B2C3CF24BBD8A60018FDC3 /* App */,
				4EC4EF9224BD5221007D94D0 /* Features */,
				4EC4EF7824BD2947007D94D0 /* Extensions */,
				B2L10N03124BBD8A60018FDC3 /* Localization */,
				B2L10N03024BBD8A60018FDC3 /* Resources */,
				4EFDF8A024BBD8A40018FDC3 /* WhereIsMyBusApp.swift */,
				4EFDF8A224BBD8A60018FDC3 /* Assets.xcassets */,
			);
			path = Shared;
			sourceTree = "<group>";
		};
		B2L10N03024BBD8A60018FDC3 /* Resources */ = {
			isa = PBXGroup;
			children = (
				B2L10N00124BBD8A60018FDC3 /* Localizable.strings */,
			);
			path = Resources;
			sourceTree = "<group>";
		};
		B2L10N03124BBD8A60018FDC3 /* Localization */ = {
			isa = PBXGroup;
			children = (
				B2L10N00424BBD8A60018FDC3 /* WIMBL10n.swift */,
				B2SH001324BBD8A60018FDC3 /* ShellDisplayStrings+Localized.swift */,
				B2MAP01324BBD8A60018FDC3 /* MapDisplayStrings+Localized.swift */,
			);
			path = Localization;
			sourceTree = "<group>";
		};
		B2L10N00124BBD8A60018FDC3 /* Localizable.strings */ = {
			isa = PBXVariantGroup;
			children = (
				B2L10N00224BBD8A60018FDC3 /* en */,
				B2L10N00324BBD8A60018FDC3 /* pt-BR */,
			);
			name = Localizable.strings;
			sourceTree = "<group>";
		};
		A1B2C3CF24BBD8A60018FDC3 /* App */ = {
			isa = PBXGroup;
			children = (
				A1B2C3D024BBD8A60018FDC3 /* WIMBAppEnvironment.swift */,
			);
			path = App;
			sourceTree = "<group>";
		};
		4EFDF8A824BBD8A60018FDC3 /* Products */ = {
			isa = PBXGroup;
			children = (
				4EFDF8A724BBD8A60018FDC3 /* WhereIsMyBus.app */,
				4EFDF8AF24BBD8A60018FDC3 /* WhereIsMyBus.app */,
			);
			name = Products;
			sourceTree = "<group>";
		};
		4EFDF8A924BBD8A60018FDC3 /* iOS */ = {
			isa = PBXGroup;
			children = (
				4EFDF8AA24BBD8A60018FDC3 /* Info.plist */,
			);
			path = iOS;
			sourceTree = "<group>";
		};
		4EFDF8B024BBD8A60018FDC3 /* macOS */ = {
			isa = PBXGroup;
			children = (
				4EFDF8B124BBD8A60018FDC3 /* Info.plist */,
				4EFDF8B224BBD8A60018FDC3 /* macOS.entitlements */,
			);
			path = macOS;
			sourceTree = "<group>";
		};
/* End PBXGroup section */

/* Begin PBXNativeTarget section */
		4EFDF8A624BBD8A60018FDC3 /* iOS */ = {
			isa = PBXNativeTarget;
			buildConfigurationList = 4EFDF8BB24BBD8A60018FDC3 /* Build configuration list for PBXNativeTarget "iOS" */;
			buildPhases = (
				4EFDF8A324BBD8A60018FDC3 /* Sources */,
				4EFDF8A424BBD8A60018FDC3 /* Frameworks */,
				4EFDF8A524BBD8A60018FDC3 /* Resources */,
			);
			buildRules = (
			);
			dependencies = (
			);
			name = iOS;
			packageProductDependencies = (
				A1B2C3D524BBD8A60018FDC3 /* WIMBCore */,
				A1B2C3D624BBD8A60018FDC3 /* NetworkClient */,
				A1B2C3D724BBD8A60018FDC3 /* TransportEngine */,
				A1B2C3DE24BBD8A60018FDC3 /* DesignSystem */,
				A1B2C3DF24BBD8A60018FDC3 /* MapFeature */,
				A1B2C3E024BBD8A60018FDC3 /* AppShell */,
			);
			productName = iOS;
			productReference = 4EFDF8A724BBD8A60018FDC3 /* WhereIsMyBus.app */;
			productType = "com.apple.product-type.application";
		};
		4EFDF8AE24BBD8A60018FDC3 /* macOS */ = {
			isa = PBXNativeTarget;
			buildConfigurationList = 4EFDF8BE24BBD8A60018FDC3 /* Build configuration list for PBXNativeTarget "macOS" */;
			buildPhases = (
				4EFDF8AB24BBD8A60018FDC3 /* Sources */,
				4EFDF8AC24BBD8A60018FDC3 /* Frameworks */,
				4EFDF8AD24BBD8A60018FDC3 /* Resources */,
			);
			buildRules = (
			);
			dependencies = (
			);
			name = macOS;
			packageProductDependencies = (
				A1B2C3D524BBD8A60018FDC3 /* WIMBCore */,
				A1B2C3D624BBD8A60018FDC3 /* NetworkClient */,
				A1B2C3D724BBD8A60018FDC3 /* TransportEngine */,
				A1B2C3DE24BBD8A60018FDC3 /* DesignSystem */,
				A1B2C3DF24BBD8A60018FDC3 /* MapFeature */,
				A1B2C3E024BBD8A60018FDC3 /* AppShell */,
			);
			productName = macOS;
			productReference = 4EFDF8AF24BBD8A60018FDC3 /* WhereIsMyBus.app */;
			productType = "com.apple.product-type.application";
		};
/* End PBXNativeTarget section */

/* Begin PBXProject section */
		4EFDF89B24BBD8A40018FDC3 /* Project object */ = {
			isa = PBXProject;
			attributes = {
				LastSwiftUpdateCheck = 1200;
				LastUpgradeCheck = 1300;
				TargetAttributes = {
					4EFDF8A624BBD8A60018FDC3 = {
						CreatedOnToolsVersion = 12.0;
					};
					4EFDF8AE24BBD8A60018FDC3 = {
						CreatedOnToolsVersion = 12.0;
					};
				};
			};
			buildConfigurationList = 4EFDF89E24BBD8A40018FDC3 /* Build configuration list for PBXProject "WhereIsMyBus" */;
			compatibilityVersion = "Xcode 9.3";
			developmentRegion = "pt-BR";
			hasScannedForEncodings = 0;
			knownRegions = (
				en,
				Base,
				"pt-BR",
			);
			mainGroup = 4EFDF89A24BBD8A40018FDC3;
			packageReferences = (
			);
			productRefGroup = 4EFDF8A824BBD8A60018FDC3 /* Products */;
			projectDirPath = "";
			projectRoot = "";
			targets = (
				4EFDF8A624BBD8A60018FDC3 /* iOS */,
				4EFDF8AE24BBD8A60018FDC3 /* macOS */,
			);
		};
/* End PBXProject section */

/* Begin PBXResourcesBuildPhase section */
		4EFDF8A524BBD8A60018FDC3 /* Resources */ = {
			isa = PBXResourcesBuildPhase;
			buildActionMask = 2147483647;
			files = (
				4EFDF8B724BBD8A60018FDC3 /* Assets.xcassets in Resources */,
				B2L10N01124BBD8A60018FDC3 /* Localizable.strings in Resources */,
			);
			runOnlyForDeploymentPostprocessing = 0;
		};
		4EFDF8AD24BBD8A60018FDC3 /* Resources */ = {
			isa = PBXResourcesBuildPhase;
			buildActionMask = 2147483647;
			files = (
				4EFDF8B824BBD8A60018FDC3 /* Assets.xcassets in Resources */,
				B2L10N01224BBD8A60018FDC3 /* Localizable.strings in Resources */,
			);
			runOnlyForDeploymentPostprocessing = 0;
		};
/* End PBXResourcesBuildPhase section */

/* Begin PBXSourcesBuildPhase section */
		4EFDF8A324BBD8A60018FDC3 /* Sources */ = {
			isa = PBXSourcesBuildPhase;
			buildActionMask = 2147483647;
			files = (
				4EC4EF7A24BD2964007D94D0 /* UIApplication+Extensions.swift in Sources */,
				B2ERR01124BBD8A60018FDC3 /* WIMBError+UserMessage.swift in Sources */,
				4EC4EF9024BD484E007D94D0 /* TripViewCell.swift in Sources */,
				4EFDF8B324BBD8A60018FDC3 /* WhereIsMyBusApp.swift in Sources */,
				A1B2C3D124BBD8A60018FDC3 /* WIMBAppEnvironment.swift in Sources */,
				B2PH401124BBD8A60018FDC3 /* MetroAlternativesSection.swift in Sources */,
				B2L10N02124BBD8A60018FDC3 /* WIMBL10n.swift in Sources */,
				B2SH001124BBD8A60018FDC3 /* ShellDisplayStrings+Localized.swift in Sources */,
				B2MAP01124BBD8A60018FDC3 /* MapDisplayStrings+Localized.swift in Sources */,
				B2LN01224BBD8A60018FDC3 /* LinesRecentStore.swift in Sources */,
				B2LN02224BBD8A60018FDC3 /* LinesTabRootView.swift in Sources */,
				B2LN03224BBD8A60018FDC3 /* LinesHomeView.swift in Sources */,
				B2LN04224BBD8A60018FDC3 /* LineRouteView.swift in Sources */,
				B2LN05224BBD8A60018FDC3 /* LineTimelineView.swift in Sources */,
				B2LN06224BBD8A60018FDC3 /* LiveLineTrackingView.swift in Sources */,
				B2LN07224BBD8A60018FDC3 /* LiveTrackingMetrics.swift in Sources */,
				B2ST01124BBD8A60018FDC3 /* StationsTabRootView.swift in Sources */,
				B2ST02124BBD8A60018FDC3 /* StationsHomeView.swift in Sources */,
				B2ST03124BBD8A60018FDC3 /* StopArrivalsView.swift in Sources */,
				B2ST04124BBD8A60018FDC3 /* StopLineArrivalRow.swift in Sources */,
				B2DR01124BBD8A60018FDC3 /* DirectionsTabRootView.swift in Sources */,
				B2DR02124BBD8A60018FDC3 /* DirectionsHomeView.swift in Sources */,
				B2DR03124BBD8A60018FDC3 /* RecentTripsStore.swift in Sources */,
				B2DR04124BBD8A60018FDC3 /* TripFavoritesStore.swift in Sources */,
				B2DR05124BBD8A60018FDC3 /* TripPlannerView.swift in Sources */,
				B2DR06124BBD8A60018FDC3 /* SuggestedRoutesView.swift in Sources */,
				B2DR07124BBD8A60018FDC3 /* RouteDirectionsView.swift in Sources */,
			);
			runOnlyForDeploymentPostprocessing = 0;
		};
		4EFDF8AB24BBD8A60018FDC3 /* Sources */ = {
			isa = PBXSourcesBuildPhase;
			buildActionMask = 2147483647;
			files = (
				4EC4EF7B24BD2964007D94D0 /* UIApplication+Extensions.swift in Sources */,
				B2ERR01224BBD8A60018FDC3 /* WIMBError+UserMessage.swift in Sources */,
				4EC4EF9124BD484E007D94D0 /* TripViewCell.swift in Sources */,
				4EFDF8B424BBD8A60018FDC3 /* WhereIsMyBusApp.swift in Sources */,
				A1B2C3D224BBD8A60018FDC3 /* WIMBAppEnvironment.swift in Sources */,
				B2PH401224BBD8A60018FDC3 /* MetroAlternativesSection.swift in Sources */,
				B2L10N02224BBD8A60018FDC3 /* WIMBL10n.swift in Sources */,
				B2SH001224BBD8A60018FDC3 /* ShellDisplayStrings+Localized.swift in Sources */,
				B2MAP01224BBD8A60018FDC3 /* MapDisplayStrings+Localized.swift in Sources */,
				B2LN01324BBD8A60018FDC3 /* LinesRecentStore.swift in Sources */,
				B2LN02324BBD8A60018FDC3 /* LinesTabRootView.swift in Sources */,
				B2LN03324BBD8A60018FDC3 /* LinesHomeView.swift in Sources */,
				B2LN04324BBD8A60018FDC3 /* LineRouteView.swift in Sources */,
				B2LN05324BBD8A60018FDC3 /* LineTimelineView.swift in Sources */,
				B2LN06324BBD8A60018FDC3 /* LiveLineTrackingView.swift in Sources */,
				B2LN07324BBD8A60018FDC3 /* LiveTrackingMetrics.swift in Sources */,
				B2ST01224BBD8A60018FDC3 /* StationsTabRootView.swift in Sources */,
				B2ST02224BBD8A60018FDC3 /* StationsHomeView.swift in Sources */,
				B2ST03224BBD8A60018FDC3 /* StopArrivalsView.swift in Sources */,
				B2ST04224BBD8A60018FDC3 /* StopLineArrivalRow.swift in Sources */,
				B2DR01224BBD8A60018FDC3 /* DirectionsTabRootView.swift in Sources */,
				B2DR02224BBD8A60018FDC3 /* DirectionsHomeView.swift in Sources */,
				B2DR03224BBD8A60018FDC3 /* RecentTripsStore.swift in Sources */,
				B2DR04224BBD8A60018FDC3 /* TripFavoritesStore.swift in Sources */,
				B2DR05224BBD8A60018FDC3 /* TripPlannerView.swift in Sources */,
				B2DR06224BBD8A60018FDC3 /* SuggestedRoutesView.swift in Sources */,
				B2DR07224BBD8A60018FDC3 /* RouteDirectionsView.swift in Sources */,
			);
			runOnlyForDeploymentPostprocessing = 0;
		};
/* End PBXSourcesBuildPhase section */

/* Begin XCBuildConfiguration section */
		4EFDF8B924BBD8A60018FDC3 /* Debug */ = {
			isa = XCBuildConfiguration;
			buildSettings = {
				ALWAYS_SEARCH_USER_PATHS = NO;
				CLANG_ANALYZER_NONNULL = YES;
				CLANG_ANALYZER_NUMBER_OBJECT_CONVERSION = YES_AGGRESSIVE;
				CLANG_CXX_LANGUAGE_STANDARD = "gnu++14";
				CLANG_CXX_LIBRARY = "libc++";
				CLANG_ENABLE_MODULES = YES;
				CLANG_ENABLE_OBJC_ARC = YES;
				CLANG_ENABLE_OBJC_WEAK = YES;
				CLANG_WARN_BLOCK_CAPTURE_AUTORELEASING = YES;
				CLANG_WARN_BOOL_CONVERSION = YES;
				CLANG_WARN_COMMA = YES;
				CLANG_WARN_CONSTANT_CONVERSION = YES;
				CLANG_WARN_DEPRECATED_OBJC_IMPLEMENTATIONS = YES;
				CLANG_WARN_DIRECT_OBJC_ISA_USAGE = YES_ERROR;
				CLANG_WARN_DOCUMENTATION_COMMENTS = YES;
				CLANG_WARN_EMPTY_BODY = YES;
				CLANG_WARN_ENUM_CONVERSION = YES;
				CLANG_WARN_INFINITE_RECURSION = YES;
				CLANG_WARN_INT_CONVERSION = YES;
				CLANG_WARN_NON_LITERAL_NULL_CONVERSION = YES;
				CLANG_WARN_OBJC_IMPLICIT_RETAIN_SELF = YES;
				CLANG_WARN_OBJC_LITERAL_CONVERSION = YES;
				CLANG_WARN_OBJC_ROOT_CLASS = YES_ERROR;
				CLANG_WARN_QUOTED_INCLUDE_IN_FRAMEWORK_HEADER = YES;
				CLANG_WARN_RANGE_LOOP_ANALYSIS = YES;
				CLANG_WARN_STRICT_PROTOTYPES = YES;
				CLANG_WARN_SUSPICIOUS_MOVE = YES;
				CLANG_WARN_UNGUARDED_AVAILABILITY = YES_AGGRESSIVE;
				CLANG_WARN_UNREACHABLE_CODE = YES;
				CLANG_WARN__DUPLICATE_METHOD_MATCH = YES;
				COPY_PHASE_STRIP = NO;
				DEBUG_INFORMATION_FORMAT = dwarf;
				ENABLE_STRICT_OBJC_MSGSEND = YES;
				ENABLE_TESTABILITY = YES;
				GCC_C_LANGUAGE_STANDARD = gnu11;
				GCC_DYNAMIC_NO_PIC = NO;
				GCC_NO_COMMON_BLOCKS = YES;
				GCC_OPTIMIZATION_LEVEL = 0;
				GCC_PREPROCESSOR_DEFINITIONS = (
					"DEBUG=1",
					"$(inherited)",
				);
				GCC_WARN_64_TO_32_BIT_CONVERSION = YES;
				GCC_WARN_ABOUT_RETURN_TYPE = YES_ERROR;
				GCC_WARN_UNDECLARED_SELECTOR = YES;
				GCC_WARN_UNINITIALIZED_AUTOS = YES_AGGRESSIVE;
				GCC_WARN_UNUSED_FUNCTION = YES;
				GCC_WARN_UNUSED_VARIABLE = YES;
				IPHONEOS_DEPLOYMENT_TARGET = 16.0;
				MACOSX_DEPLOYMENT_TARGET = 10.14;
				MTL_ENABLE_DEBUG_INFO = INCLUDE_SOURCE;
				MTL_FAST_MATH = YES;
				ONLY_ACTIVE_ARCH = YES;
				SWIFT_ACTIVE_COMPILATION_CONDITIONS = DEBUG;
				SWIFT_OPTIMIZATION_LEVEL = "-Onone";
			};
			name = Debug;
		};
		4EFDF8BA24BBD8A60018FDC3 /* Release */ = {
			isa = XCBuildConfiguration;
			buildSettings = {
				ALWAYS_SEARCH_USER_PATHS = NO;
				CLANG_ANALYZER_NONNULL = YES;
				CLANG_ANALYZER_NUMBER_OBJECT_CONVERSION = YES_AGGRESSIVE;
				CLANG_CXX_LANGUAGE_STANDARD = "gnu++14";
				CLANG_CXX_LIBRARY = "libc++";
				CLANG_ENABLE_MODULES = YES;
				CLANG_ENABLE_OBJC_ARC = YES;
				CLANG_ENABLE_OBJC_WEAK = YES;
				CLANG_WARN_BLOCK_CAPTURE_AUTORELEASING = YES;
				CLANG_WARN_BOOL_CONVERSION = YES;
				CLANG_WARN_COMMA = YES;
				CLANG_WARN_CONSTANT_CONVERSION = YES;
				CLANG_WARN_DEPRECATED_OBJC_IMPLEMENTATIONS = YES;
				CLANG_WARN_DIRECT_OBJC_ISA_USAGE = YES_ERROR;
				CLANG_WARN_DOCUMENTATION_COMMENTS = YES;
				CLANG_WARN_EMPTY_BODY = YES;
				CLANG_WARN_ENUM_CONVERSION = YES;
				CLANG_WARN_INFINITE_RECURSION = YES;
				CLANG_WARN_INT_CONVERSION = YES;
				CLANG_WARN_NON_LITERAL_NULL_CONVERSION = YES;
				CLANG_WARN_OBJC_IMPLICIT_RETAIN_SELF = YES;
				CLANG_WARN_OBJC_LITERAL_CONVERSION = YES;
				CLANG_WARN_OBJC_ROOT_CLASS = YES_ERROR;
				CLANG_WARN_QUOTED_INCLUDE_IN_FRAMEWORK_HEADER = YES;
				CLANG_WARN_RANGE_LOOP_ANALYSIS = YES;
				CLANG_WARN_STRICT_PROTOTYPES = YES;
				CLANG_WARN_SUSPICIOUS_MOVE = YES;
				CLANG_WARN_UNGUARDED_AVAILABILITY = YES_AGGRESSIVE;
				CLANG_WARN_UNREACHABLE_CODE = YES;
				CLANG_WARN__DUPLICATE_METHOD_MATCH = YES;
				COPY_PHASE_STRIP = NO;
				DEBUG_INFORMATION_FORMAT = "dwarf-with-dsym";
				ENABLE_NS_ASSERTIONS = NO;
				ENABLE_STRICT_OBJC_MSGSEND = YES;
				GCC_C_LANGUAGE_STANDARD = gnu11;
				GCC_NO_COMMON_BLOCKS = YES;
				GCC_WARN_64_TO_32_BIT_CONVERSION = YES;
				GCC_WARN_ABOUT_RETURN_TYPE = YES_ERROR;
				GCC_WARN_UNDECLARED_SELECTOR = YES;
				GCC_WARN_UNINITIALIZED_AUTOS = YES_AGGRESSIVE;
				GCC_WARN_UNUSED_FUNCTION = YES;
				GCC_WARN_UNUSED_VARIABLE = YES;
				IPHONEOS_DEPLOYMENT_TARGET = 16.0;
				MACOSX_DEPLOYMENT_TARGET = 10.14;
				MTL_ENABLE_DEBUG_INFO = NO;
				MTL_FAST_MATH = YES;
				SWIFT_COMPILATION_MODE = wholemodule;
				SWIFT_OPTIMIZATION_LEVEL = "-O";
			};
			name = Release;
		};
		4EFDF8BC24BBD8A60018FDC3 /* Debug */ = {
			isa = XCBuildConfiguration;
			buildSettings = {
				ASSETCATALOG_COMPILER_APPICON_NAME = AppIcon;
				ASSETCATALOG_COMPILER_GLOBAL_ACCENT_COLOR_NAME = AccentColor;
				CODE_SIGN_STYLE = Automatic;
				DEVELOPMENT_TEAM = 6V95FQX348;
				ENABLE_PREVIEWS = YES;
				INFOPLIST_FILE = iOS/Info.plist;
				IPHONEOS_DEPLOYMENT_TARGET = 16.0;
				LD_RUNPATH_SEARCH_PATHS = (
					"$(inherited)",
					"@executable_path/Frameworks",
				);
				PRODUCT_BUNDLE_IDENTIFIER = com.douglastaquary..WhereIsMyBus;
				PRODUCT_NAME = WhereIsMyBus;
				SDKROOT = iphoneos;
				SWIFT_VERSION = 5.0;
				TARGETED_DEVICE_FAMILY = 1;
			};
			name = Debug;
		};
		4EFDF8BD24BBD8A60018FDC3 /* Release */ = {
			isa = XCBuildConfiguration;
			buildSettings = {
				ASSETCATALOG_COMPILER_APPICON_NAME = AppIcon;
				ASSETCATALOG_COMPILER_GLOBAL_ACCENT_COLOR_NAME = AccentColor;
				CODE_SIGN_STYLE = Automatic;
				DEVELOPMENT_TEAM = 6V95FQX348;
				ENABLE_PREVIEWS = YES;
				INFOPLIST_FILE = iOS/Info.plist;
				IPHONEOS_DEPLOYMENT_TARGET = 16.0;
				LD_RUNPATH_SEARCH_PATHS = (
					"$(inherited)",
					"@executable_path/Frameworks",
				);
				PRODUCT_BUNDLE_IDENTIFIER = com.douglastaquary..WhereIsMyBus;
				PRODUCT_NAME = WhereIsMyBus;
				SDKROOT = iphoneos;
				SWIFT_VERSION = 5.0;
				TARGETED_DEVICE_FAMILY = 1;
				VALIDATE_PRODUCT = YES;
			};
			name = Release;
		};
		4EFDF8BF24BBD8A60018FDC3 /* Debug */ = {
			isa = XCBuildConfiguration;
			buildSettings = {
				ASSETCATALOG_COMPILER_APPICON_NAME = AppIcon;
				ASSETCATALOG_COMPILER_GLOBAL_ACCENT_COLOR_NAME = AccentColor;
				CODE_SIGN_ENTITLEMENTS = macOS/macOS.entitlements;
				CODE_SIGN_IDENTITY = "-";
				CODE_SIGN_STYLE = Automatic;
				COMBINE_HIDPI_IMAGES = YES;
				DEVELOPMENT_TEAM = 6V95FQX348;
				ENABLE_HARDENED_RUNTIME = YES;
				ENABLE_PREVIEWS = YES;
				INFOPLIST_FILE = macOS/Info.plist;
				LD_RUNPATH_SEARCH_PATHS = (
					"$(inherited)",
					"@executable_path/../Frameworks",
				);
				MACOSX_DEPLOYMENT_TARGET = 10.16;
				PRODUCT_BUNDLE_IDENTIFIER = com.douglastaquary..WhereIsMyBus;
				PRODUCT_NAME = WhereIsMyBus;
				SDKROOT = macosx;
				SWIFT_VERSION = 5.0;
			};
			name = Debug;
		};
		4EFDF8C024BBD8A60018FDC3 /* Release */ = {
			isa = XCBuildConfiguration;
			buildSettings = {
				ASSETCATALOG_COMPILER_APPICON_NAME = AppIcon;
				ASSETCATALOG_COMPILER_GLOBAL_ACCENT_COLOR_NAME = AccentColor;
				CODE_SIGN_ENTITLEMENTS = macOS/macOS.entitlements;
				CODE_SIGN_IDENTITY = "-";
				CODE_SIGN_STYLE = Automatic;
				COMBINE_HIDPI_IMAGES = YES;
				DEVELOPMENT_TEAM = 6V95FQX348;
				ENABLE_HARDENED_RUNTIME = YES;
				ENABLE_PREVIEWS = YES;
				INFOPLIST_FILE = macOS/Info.plist;
				LD_RUNPATH_SEARCH_PATHS = (
					"$(inherited)",
					"@executable_path/../Frameworks",
				);
				MACOSX_DEPLOYMENT_TARGET = 10.16;
				PRODUCT_BUNDLE_IDENTIFIER = com.douglastaquary..WhereIsMyBus;
				PRODUCT_NAME = WhereIsMyBus;
				SDKROOT = macosx;
				SWIFT_VERSION = 5.0;
			};
			name = Release;
		};
/* End XCBuildConfiguration section */

/* Begin XCConfigurationList section */
		4EFDF89E24BBD8A40018FDC3 /* Build configuration list for PBXProject "WhereIsMyBus" */ = {
			isa = XCConfigurationList;
			buildConfigurations = (
				4EFDF8B924BBD8A60018FDC3 /* Debug */,
				4EFDF8BA24BBD8A60018FDC3 /* Release */,
			);
			defaultConfigurationIsVisible = 0;
			defaultConfigurationName = Release;
		};
		4EFDF8BB24BBD8A60018FDC3 /* Build configuration list for PBXNativeTarget "iOS" */ = {
			isa = XCConfigurationList;
			buildConfigurations = (
				4EFDF8BC24BBD8A60018FDC3 /* Debug */,
				4EFDF8BD24BBD8A60018FDC3 /* Release */,
			);
			defaultConfigurationIsVisible = 0;
			defaultConfigurationName = Release;
		};
		4EFDF8BE24BBD8A60018FDC3 /* Build configuration list for PBXNativeTarget "macOS" */ = {
			isa = XCConfigurationList;
			buildConfigurations = (
				4EFDF8BF24BBD8A60018FDC3 /* Debug */,
				4EFDF8C024BBD8A60018FDC3 /* Release */,
			);
			defaultConfigurationIsVisible = 0;
			defaultConfigurationName = Release;
		};
/* End XCConfigurationList section */

/* Begin XCSwiftPackageProductDependency section */
		A1B2C3D524BBD8A60018FDC3 /* WIMBCore */ = {
			isa = XCSwiftPackageProductDependency;
			productName = WIMBCore;
		};
		A1B2C3D624BBD8A60018FDC3 /* NetworkClient */ = {
			isa = XCSwiftPackageProductDependency;
			productName = NetworkClient;
		};
		A1B2C3D724BBD8A60018FDC3 /* TransportEngine */ = {
			isa = XCSwiftPackageProductDependency;
			productName = TransportEngine;
		};
		A1B2C3DE24BBD8A60018FDC3 /* DesignSystem */ = {
			isa = XCSwiftPackageProductDependency;
			productName = DesignSystem;
		};
		A1B2C3DF24BBD8A60018FDC3 /* MapFeature */ = {
			isa = XCSwiftPackageProductDependency;
			productName = MapFeature;
		};
		A1B2C3E024BBD8A60018FDC3 /* AppShell */ = {
			isa = XCSwiftPackageProductDependency;
			productName = AppShell;
		};
/* End XCSwiftPackageProductDependency section */
	};
	rootObject = 4EFDF89B24BBD8A40018FDC3 /* Project object */;
}
